
Microsoft Visual Studio Solution File, Format Version 12.00
# Visual Studio 2013
VisualStudioVersion = 12.0.21005.1
MinimumVisualStudioVersion = 10.0.40219.1
Project("{FAE04EC0-301F-11D3-BF4B-00C04F79EFBC}") = "创建和客户端通信的Socket", "创建和客户端通信的Socket\创建和客户端通信的Socket.csproj", "{92E0C939-32BE-407A-AD11-6629B1A330BD}"
EndProject
Global
	GlobalSection(SolutionConfigurationPlatforms) = preSolution
		Debug|Any CPU = Debug|Any CPU
		Release|Any CPU = Release|Any CPU
	EndGlobalSection
	GlobalSection(ProjectConfigurationPlatforms) = postSolution
		{92E0C939-32BE-407A-AD11-6629B1A330BD}.Debug|Any CPU.ActiveCfg = Debug|Any CPU
		{92E0C939-32BE-407A-AD11-6629B1A330BD}.Debug|Any CPU.Build.0 = Debug|Any CPU
		{92E0C939-32BE-407A-AD11-6629B1A330BD}.Release|Any CPU.ActiveCfg = Release|Any CPU
		{92E0C939-32BE-407A-AD11-6629B1A330BD}.Release|Any CPU.Build.0 = Release|Any CPU
	EndGlobalSection
	GlobalSection(SolutionProperties) = preSolution
		HideSolutionNode = FALSE
	EndGlobalSection
EndGlobal
